
Microsoft Visual Studio Solution File, Format Version 12.00
# Visual Studio Version 16
VisualStudioVersion = 16.0.29924.181
MinimumVisualStudioVersion = 10.0.40219.1
Project("{FAE04EC0-301F-11D3-BF4B-00C04F79EFBC}") = "Airport guidance", "Airport guidance\Airport guidance.csproj", "{3055BE04-10F3-4261-8C15-8EC7858F6631}"
EndProject
Project("{FAE04EC0-301F-11D3-BF4B-00C04F79EFBC}") = "Airport guidanceTests", "Airport guidanceTests\Airport guidanceTests.csproj", "{81D702CB-F241-4355-A36D-FF80DC572A4E}"
EndProject
Global
	GlobalSection(SolutionConfigurationPlatforms) = preSolution
		Debug|Any CPU = Debug|Any CPU
		Release|Any CPU = Release|Any CPU
	EndGlobalSection
	GlobalSection(ProjectConfigurationPlatforms) = postSolution
		{3055BE04-10F3-4261-8C15-8EC7858F6631}.Debug|Any CPU.ActiveCfg = Debug|Any CPU
		{3055BE04-10F3-4261-8C15-8EC7858F6631}.Debug|Any CPU.Build.0 = Debug|Any CPU
		{3055BE04-10F3-4261-8C15-8EC7858F6631}.Release|Any CPU.ActiveCfg = Release|Any CPU
		{3055BE04-10F3-4261-8C15-8EC7858F6631}.Release|Any CPU.Build.0 = Release|Any CPU
		{81D702CB-F241-4355-A36D-FF80DC572A4E}.Debug|Any CPU.ActiveCfg = Debug|Any CPU
		{81D702CB-F241-4355-A36D-FF80DC572A4E}.Debug|Any CPU.Build.0 = Debug|Any CPU
		{81D702CB-F241-4355-A36D-FF80DC572A4E}.Release|Any CPU.ActiveCfg = Release|Any CPU
		{81D702CB-F241-4355-A36D-FF80DC572A4E}.Release|Any CPU.Build.0 = Release|Any CPU
	EndGlobalSection
	GlobalSection(SolutionProperties) = preSolution
		HideSolutionNode = FALSE
	EndGlobalSection
	GlobalSection(ExtensibilityGlobals) = postSolution
		SolutionGuid = {CC0113F3-7DE5-4E0B-9FFD-443A4210B949}
	EndGlobalSection
EndGlobal
